
Microsoft Visual Studio Solution File, Format Version 12.00
# Visual Studio Version 17
VisualStudioVersion = 17.9.34701.34
MinimumVisualStudioVersion = 10.0.40219.1
Project("{FAE04EC0-301F-11D3-BF4B-00C04F79EFBC}") = "JHE2PlantExtension", "JHE2PlantExtension.csproj", "{FE571428-B0D0-427C-AF27-93E9061F2563}"
EndProject
Global
	GlobalSection(SolutionConfigurationPlatforms) = preSolution
		Debug|Any CPU = Debug|Any CPU
		Release|Any CPU = Release|Any CPU
	EndGlobalSection
	GlobalSection(ProjectConfigurationPlatforms) = postSolution
		{FE571428-B0D0-427C-AF27-93E9061F2563}.Debug|Any CPU.ActiveCfg = Debug|Any CPU
		{FE571428-B0D0-427C-AF27-93E9061F2563}.Debug|Any CPU.Build.0 = Debug|Any CPU
		{FE571428-B0D0-427C-AF27-93E9061F2563}.Release|Any CPU.ActiveCfg = Release|Any CPU
		{FE571428-B0D0-427C-AF27-93E9061F2563}.Release|Any CPU.Build.0 = Release|Any CPU
	EndGlobalSection
	GlobalSection(SolutionProperties) = preSolution
		HideSolutionNode = FALSE
	EndGlobalSection
	GlobalSection(ExtensibilityGlobals) = postSolution
		SolutionGuid = {A5322908-DD9A-495C-BBF6-DDBE8E9E121D}
	EndGlobalSection
EndGlobal
